Microsoft Visual Studio Solution File, Format Version 12.00
# Visual Studio Version 17
VisualStudioVersion = 17.5.2.0
MinimumVisualStudioVersion = 10.0.40219.1
Project("{FAE04EC0-301F-11D3-BF4B-00C04F79EFBC}") = "Domus Projeto", "Domus Projeto.csproj", "{7B43E96A-6820-0815-9BC1-01037EEEF91B}"
EndProject
Global
	GlobalSection(SolutionConfigurationPlatforms) = preSolution
		Debug|Any CPU = Debug|Any CPU
		Release|Any CPU = Release|Any CPU
	EndGlobalSection
	GlobalSection(ProjectConfigurationPlatforms) = postSolution
		{7B43E96A-6820-0815-9BC1-01037EEEF91B}.Debug|Any CPU.ActiveCfg = Debug|Any CPU
		{7B43E96A-6820-0815-9BC1-01037EEEF91B}.Debug|Any CPU.Build.0 = Debug|Any CPU
		{7B43E96A-6820-0815-9BC1-01037EEEF91B}.Release|Any CPU.ActiveCfg = Release|Any CPU
		{7B43E96A-6820-0815-9BC1-01037EEEF91B}.Release|Any CPU.Build.0 = Release|Any CPU
	EndGlobalSection
	GlobalSection(SolutionProperties) = preSolution
		HideSolutionNode = FALSE
	EndGlobalSection
	GlobalSection(ExtensibilityGlobals) = postSolution
		SolutionGuid = {27CE666F-4956-4087-B38F-BB2C468B0B49}
	EndGlobalSection
EndGlobal
